
Microsoft Visual Studio Solution File, Format Version 12.00
# Visual Studio Version 17
VisualStudioVersion = 17.8.34511.84
MinimumVisualStudioVersion = 10.0.40219.1
Project("{FAE04EC0-301F-11D3-BF4B-00C04F79EFBC}") = "Cargo.DeviceData", "Cargo.DeviceData\Cargo.DeviceData.csproj", "{5E4FC39C-27E4-4251-A10F-636108CA288D}"
EndProject
Project("{FAE04EC0-301F-11D3-BF4B-00C04F79EFBC}") = "Cargo.DeviceData.Tests", "Cargo.DeviceData.Tests\Cargo.DeviceData.Tests.csproj", "{CFF60605-22E8-40DF-9730-9FBCECC24F88}"
EndProject
Global
	GlobalSection(SolutionConfigurationPlatforms) = preSolution
		Debug|Any CPU = Debug|Any CPU
		Release|Any CPU = Release|Any CPU
	EndGlobalSection
	GlobalSection(ProjectConfigurationPlatforms) = postSolution
		{5E4FC39C-27E4-4251-A10F-636108CA288D}.Debug|Any CPU.ActiveCfg = Debug|Any CPU
		{5E4FC39C-27E4-4251-A10F-636108CA288D}.Debug|Any CPU.Build.0 = Debug|Any CPU
		{5E4FC39C-27E4-4251-A10F-636108CA288D}.Release|Any CPU.ActiveCfg = Release|Any CPU
		{5E4FC39C-27E4-4251-A10F-636108CA288D}.Release|Any CPU.Build.0 = Release|Any CPU
		{CFF60605-22E8-40DF-9730-9FBCECC24F88}.Debug|Any CPU.ActiveCfg = Debug|Any CPU
		{CFF60605-22E8-40DF-9730-9FBCECC24F88}.Debug|Any CPU.Build.0 = Debug|Any CPU
		{CFF60605-22E8-40DF-9730-9FBCECC24F88}.Release|Any CPU.ActiveCfg = Release|Any CPU
		{CFF60605-22E8-40DF-9730-9FBCECC24F88}.Release|Any CPU.Build.0 = Release|Any CPU
	EndGlobalSection
	GlobalSection(SolutionProperties) = preSolution
		HideSolutionNode = FALSE
	EndGlobalSection
	GlobalSection(ExtensibilityGlobals) = postSolution
		SolutionGuid = {AC5F25C3-33E2-46D5-8352-D6469B2D93FA}
	EndGlobalSection
EndGlobal
